
Microsoft Visual Studio Solution File, Format Version 12.00
# Visual Studio Version 16
VisualStudioVersion = 16.0.30717.126
MinimumVisualStudioVersion = 10.0.40219.1
Project("{FAE04EC0-301F-11D3-BF4B-00C04F79EFBC}") = "CRUD", "CRUD\CRUD.csproj", "{766137D9-0E4F-421F-810E-06DB26E4FACA}"
EndProject
Global
	GlobalSection(SolutionConfigurationPlatforms) = preSolution
		Debug|Any CPU = Debug|Any CPU
		Release|Any CPU = Release|Any CPU
	EndGlobalSection
	GlobalSection(ProjectConfigurationPlatforms) = postSolution
		{766137D9-0E4F-421F-810E-06DB26E4FACA}.Debug|Any CPU.ActiveCfg = Debug|Any CPU
		{766137D9-0E4F-421F-810E-06DB26E4FACA}.Debug|Any CPU.Build.0 = Debug|Any CPU
		{766137D9-0E4F-421F-810E-06DB26E4FACA}.Release|Any CPU.ActiveCfg = Release|Any CPU
		{766137D9-0E4F-421F-810E-06DB26E4FACA}.Release|Any CPU.Build.0 = Release|Any CPU
	EndGlobalSection
	GlobalSection(SolutionProperties) = preSolution
		HideSolutionNode = FALSE
	EndGlobalSection
	GlobalSection(ExtensibilityGlobals) = postSolution
		SolutionGuid = {A0049D6A-4605-4FA2-9E4D-1EDA1F995079}
	EndGlobalSection
EndGlobal
